<Solution>
  <Project Path="clinic-ai-ui/clinic-ai-ui.esproj">
    <Build />
    <Deploy />
  </Project>
  <Project Path="ClinicAI.API/ClinicAI.API.csproj" />
  <Project Path="ClinicAI.Application/ClinicAI.Application.csproj" />
  <Project Path="ClinicAI.Domain/ClinicAI.Domain.csproj" />
  <Project Path="ClinicAI.Infrastructure/ClinicAI.Infrastructure.csproj" />
</Solution>
